// !$*UTF8*$!
{
	archiveVersion = 1;
	classes = {
	};
	objectVersion = 56;
	objects = {

/* Begin PBXBuildFile section */
		A10001 /* ZaapApp.swift in Sources */ = {isa = PBXBuildFile; fileRef = A20001 /* ZaapApp.swift */; };
		A10002 /* ContentView.swift in Sources */ = {isa = PBXBuildFile; fileRef = A20002 /* ContentView.swift */; };
		A10003 /* Assets.xcassets in Resources */ = {isa = PBXBuildFile; fileRef = A20003 /* Assets.xcassets */; };
		A10004 /* Preview Assets.xcassets in Resources */ = {isa = PBXBuildFile; fileRef = A20004 /* Preview Assets.xcassets */; };
		A10005 /* LocationManager.swift in Sources */ = {isa = PBXBuildFile; fileRef = A20007 /* LocationManager.swift */; };
		A10006 /* SleepDataReader.swift in Sources */ = {isa = PBXBuildFile; fileRef = A20008 /* SleepDataReader.swift */; };
		A10007 /* SettingsManager.swift in Sources */ = {isa = PBXBuildFile; fileRef = A20010 /* SettingsManager.swift */; };
		A10008 /* SettingsView.swift in Sources */ = {isa = PBXBuildFile; fileRef = A20011 /* SettingsView.swift */; };
		A10009 /* WebhookClient.swift in Sources */ = {isa = PBXBuildFile; fileRef = A20012 /* WebhookClient.swift */; };
		A10010 /* LocationDeliveryService.swift in Sources */ = {isa = PBXBuildFile; fileRef = A20013 /* LocationDeliveryService.swift */; };
		A10011 /* SleepDeliveryService.swift in Sources */ = {isa = PBXBuildFile; fileRef = A20014 /* SleepDeliveryService.swift */; };
		A10017 /* Protocols.swift in Sources */ = {isa = PBXBuildFile; fileRef = A20020 /* Protocols.swift */; };
		B10001 /* HeartRateReader.swift in Sources */ = {isa = PBXBuildFile; fileRef = B20001 /* HeartRateReader.swift */; };
		B10002 /* HeartRateDeliveryService.swift in Sources */ = {isa = PBXBuildFile; fileRef = B20002 /* HeartRateDeliveryService.swift */; };
		C10001 /* ActivityReader.swift in Sources */ = {isa = PBXBuildFile; fileRef = C20001 /* ActivityReader.swift */; };
		C10002 /* ActivityDeliveryService.swift in Sources */ = {isa = PBXBuildFile; fileRef = C20002 /* ActivityDeliveryService.swift */; };
		D10001 /* WorkoutReader.swift in Sources */ = {isa = PBXBuildFile; fileRef = D20001 /* WorkoutReader.swift */; };
		D10002 /* WorkoutDeliveryService.swift in Sources */ = {isa = PBXBuildFile; fileRef = D20002 /* WorkoutDeliveryService.swift */; };
		F10001 /* TestDoubles.swift in Sources */ = {isa = PBXBuildFile; fileRef = F20001 /* TestDoubles.swift */; };
		F10002 /* SettingsManagerTests.swift in Sources */ = {isa = PBXBuildFile; fileRef = F20002 /* SettingsManagerTests.swift */; };
		F10003 /* WebhookClientTests.swift in Sources */ = {isa = PBXBuildFile; fileRef = F20003 /* WebhookClientTests.swift */; };
		F10004 /* LocationManagerTests.swift in Sources */ = {isa = PBXBuildFile; fileRef = F20004 /* LocationManagerTests.swift */; };
		F10005 /* LocationDeliveryServiceTests.swift in Sources */ = {isa = PBXBuildFile; fileRef = F20005 /* LocationDeliveryServiceTests.swift */; };
		F10006 /* SleepDataReaderTests.swift in Sources */ = {isa = PBXBuildFile; fileRef = F20006 /* SleepDataReaderTests.swift */; };
		F10007 /* SleepDeliveryServiceTests.swift in Sources */ = {isa = PBXBuildFile; fileRef = F20007 /* SleepDeliveryServiceTests.swift */; };
		F10008 /* HeartRateReaderTests.swift in Sources */ = {isa = PBXBuildFile; fileRef = F20008 /* HeartRateReaderTests.swift */; };
		F10009 /* HeartRateDeliveryServiceTests.swift in Sources */ = {isa = PBXBuildFile; fileRef = F20009 /* HeartRateDeliveryServiceTests.swift */; };
		F10010 /* ActivityReaderTests.swift in Sources */ = {isa = PBXBuildFile; fileRef = F20010 /* ActivityReaderTests.swift */; };
		F10011 /* ActivityDeliveryServiceTests.swift in Sources */ = {isa = PBXBuildFile; fileRef = F20011 /* ActivityDeliveryServiceTests.swift */; };
		F10012 /* WorkoutReaderTests.swift in Sources */ = {isa = PBXBuildFile; fileRef = F20012 /* WorkoutReaderTests.swift */; };
		F10014 /* ProtocolsTests.swift in Sources */ = {isa = PBXBuildFile; fileRef = F20014 /* ProtocolsTests.swift */; };
		F10013 /* WorkoutDeliveryServiceTests.swift in Sources */ = {isa = PBXBuildFile; fileRef = F20013 /* WorkoutDeliveryServiceTests.swift */; };
		G10001 /* DeliveryRecord.swift in Sources */ = {isa = PBXBuildFile; fileRef = G20001 /* DeliveryRecord.swift */; };
		G10002 /* DeliveryLogService.swift in Sources */ = {isa = PBXBuildFile; fileRef = G20002 /* DeliveryLogService.swift */; };
		G10003 /* DeliveryLogServiceTests.swift in Sources */ = {isa = PBXBuildFile; fileRef = G20003 /* DeliveryLogServiceTests.swift */; };
		I10001 /* DashboardViewModel.swift in Sources */ = {isa = PBXBuildFile; fileRef = I20001 /* DashboardViewModel.swift */; };
		I10002 /* DashboardView.swift in Sources */ = {isa = PBXBuildFile; fileRef = I20002 /* DashboardView.swift */; };
		I10003 /* DashboardViewModelTests.swift in Sources */ = {isa = PBXBuildFile; fileRef = I20003 /* DashboardViewModelTests.swift */; };
		J10001 /* MainTabView.swift in Sources */ = {isa = PBXBuildFile; fileRef = J20001 /* MainTabView.swift */; };
		J10002 /* MainTabViewTests.swift in Sources */ = {isa = PBXBuildFile; fileRef = J20002 /* MainTabViewTests.swift */; };
		J10003 /* SettingsViewTests.swift in Sources */ = {isa = PBXBuildFile; fileRef = J20003 /* SettingsViewTests.swift */; };
		K10001 /* WebhookTestService.swift in Sources */ = {isa = PBXBuildFile; fileRef = K20001 /* WebhookTestService.swift */; };
		K10002 /* WebhookTestServiceTests.swift in Sources */ = {isa = PBXBuildFile; fileRef = K20002 /* WebhookTestServiceTests.swift */; };
		L10001 /* RequestLog.swift in Sources */ = {isa = PBXBuildFile; fileRef = L20001 /* RequestLog.swift */; };
		L10002 /* RequestLogTests.swift in Sources */ = {isa = PBXBuildFile; fileRef = L20002 /* RequestLogTests.swift */; };
		L10003 /* RequestLogView.swift in Sources */ = {isa = PBXBuildFile; fileRef = L20003 /* RequestLogView.swift */; };
		M10001 /* NodePairingManager.swift in Sources */ = {isa = PBXBuildFile; fileRef = M20001 /* NodePairingManager.swift */; };
		M10002 /* NodePairingManagerTests.swift in Sources */ = {isa = PBXBuildFile; fileRef = M20002 /* NodePairingManagerTests.swift */; };
		N10001 /* ResponseSpeaker.swift in Sources */ = {isa = PBXBuildFile; fileRef = N20001 /* ResponseSpeaker.swift */; };
		N10002 /* ResponseSpeakerTests.swift in Sources */ = {isa = PBXBuildFile; fileRef = N20002 /* ResponseSpeakerTests.swift */; };
		O10001 /* VoiceEngine.swift in Sources */ = {isa = PBXBuildFile; fileRef = O20001 /* VoiceEngine.swift */; };
		O10002 /* VoiceEngineTests.swift in Sources */ = {isa = PBXBuildFile; fileRef = O20002 /* VoiceEngineTests.swift */; };
		O10003 /* VoiceEngineAdapters.swift in Sources */ = {isa = PBXBuildFile; fileRef = O20003 /* VoiceEngineAdapters.swift */; };
		P10001 /* GatewayConnection.swift in Sources */ = {isa = PBXBuildFile; fileRef = P20001 /* GatewayConnection.swift */; };
		P10002 /* GatewayConnectionTests.swift in Sources */ = {isa = PBXBuildFile; fileRef = P20002 /* GatewayConnectionTests.swift */; };
		Q10001 /* GatewayBrowser.swift in Sources */ = {isa = PBXBuildFile; fileRef = Q20001 /* GatewayBrowser.swift */; };
		Q10002 /* GatewayBrowserTests.swift in Sources */ = {isa = PBXBuildFile; fileRef = Q20002 /* GatewayBrowserTests.swift */; };
		R10001 /* VoiceChatViewModel.swift in Sources */ = {isa = PBXBuildFile; fileRef = R20001 /* VoiceChatViewModel.swift */; };
		R10002 /* VoiceChatView.swift in Sources */ = {isa = PBXBuildFile; fileRef = R20002 /* VoiceChatView.swift */; };
		R10003 /* VoiceChatViewModelTests.swift in Sources */ = {isa = PBXBuildFile; fileRef = R20003 /* VoiceChatViewModelTests.swift */; };
		S10001 /* HealthKitObserverService.swift in Sources */ = {isa = PBXBuildFile; fileRef = S20001 /* HealthKitObserverService.swift */; };
		S10002 /* ObserverDeliveryAdapter.swift in Sources */ = {isa = PBXBuildFile; fileRef = S20002 /* ObserverDeliveryAdapter.swift */; };
		S10004 /* HealthDataSeeder.swift in Sources */ = {isa = PBXBuildFile; fileRef = S20004 /* HealthDataSeeder.swift */; };
		S10003 /* HealthKitObserverServiceTests.swift in Sources */ = {isa = PBXBuildFile; fileRef = S20003 /* HealthKitObserverServiceTests.swift */; };
		T10001 /* VoiceChatCoordinator.swift in Sources */ = {isa = PBXBuildFile; fileRef = T20001 /* VoiceChatCoordinator.swift */; };
		T10002 /* VoiceChatCoordinatorTests.swift in Sources */ = {isa = PBXBuildFile; fileRef = T20002 /* VoiceChatCoordinatorTests.swift */; };
		U10001 /* PairingViewModel.swift in Sources */ = {isa = PBXBuildFile; fileRef = U20001 /* PairingViewModel.swift */; };
		U10002 /* PairingViewModelTests.swift in Sources */ = {isa = PBXBuildFile; fileRef = U20002 /* PairingViewModelTests.swift */; };
		U10003 /* PairingSectionView.swift in Sources */ = {isa = PBXBuildFile; fileRef = U20003 /* PairingSectionView.swift */; };
		U10004 /* PairingView.swift in Sources */ = {isa = PBXBuildFile; fileRef = U20004 /* PairingView.swift */; };
/* End PBXBuildFile section */

/* Begin PBXContainerItemProxy section */
		E10001 /* PBXContainerItemProxy */ = {
			isa = PBXContainerItemProxy;
			containerPortal = A80001 /* Project object */;
			proxyType = 1;
			remoteGlobalIDString = A50001;
			remoteInfo = Zaap;
		};
/* End PBXContainerItemProxy section */

/* Begin PBXFileReference section */
		A20001 /* ZaapApp.swift */ = {isa = PBXFileReference; lastKnownFileType = sourcecode.swift; path = ZaapApp.swift; sourceTree = "<group>"; };
		A20002 /* ContentView.swift */ = {isa = PBXFileReference; lastKnownFileType = sourcecode.swift; path = ContentView.swift; sourceTree = "<group>"; };
		A20003 /* Assets.xcassets */ = {isa = PBXFileReference; lastKnownFileType = folder.assetcatalog; path = Assets.xcassets; sourceTree = "<group>"; };
		A20004 /* Preview Assets.xcassets */ = {isa = PBXFileReference; lastKnownFileType = folder.assetcatalog; path = "Preview Assets.xcassets"; sourceTree = "<group>"; };
		A20005 /* Info.plist */ = {isa = PBXFileReference; lastKnownFileType = text.plist.xml; path = Info.plist; sourceTree = "<group>"; };
		A20006 /* Zaap.app */ = {isa = PBXFileReference; explicitFileType = wrapper.application; includeInIndex = 0; path = Zaap.app; sourceTree = BUILT_PRODUCTS_DIR; };
		A20007 /* LocationManager.swift */ = {isa = PBXFileReference; lastKnownFileType = sourcecode.swift; path = LocationManager.swift; sourceTree = "<group>"; };
		A20008 /* SleepDataReader.swift */ = {isa = PBXFileReference; lastKnownFileType = sourcecode.swift; path = SleepDataReader.swift; sourceTree = "<group>"; };
		A20009 /* Zaap.entitlements */ = {isa = PBXFileReference; lastKnownFileType = text.plist.entitlements; path = Zaap.entitlements; sourceTree = "<group>"; };
		A20010 /* SettingsManager.swift */ = {isa = PBXFileReference; lastKnownFileType = sourcecode.swift; path = SettingsManager.swift; sourceTree = "<group>"; };
		A20011 /* SettingsView.swift */ = {isa = PBXFileReference; lastKnownFileType = sourcecode.swift; path = SettingsView.swift; sourceTree = "<group>"; };
		A20012 /* WebhookClient.swift */ = {isa = PBXFileReference; lastKnownFileType = sourcecode.swift; path = WebhookClient.swift; sourceTree = "<group>"; };
		A20013 /* LocationDeliveryService.swift */ = {isa = PBXFileReference; lastKnownFileType = sourcecode.swift; path = LocationDeliveryService.swift; sourceTree = "<group>"; };
		A20014 /* SleepDeliveryService.swift */ = {isa = PBXFileReference; lastKnownFileType = sourcecode.swift; path = SleepDeliveryService.swift; sourceTree = "<group>"; };
		A20020 /* Protocols.swift */ = {isa = PBXFileReference; lastKnownFileType = sourcecode.swift; path = Protocols.swift; sourceTree = "<group>"; };
		B20001 /* HeartRateReader.swift */ = {isa = PBXFileReference; lastKnownFileType = sourcecode.swift; path = HeartRateReader.swift; sourceTree = "<group>"; };
		B20002 /* HeartRateDeliveryService.swift */ = {isa = PBXFileReference; lastKnownFileType = sourcecode.swift; path = HeartRateDeliveryService.swift; sourceTree = "<group>"; };
		C20001 /* ActivityReader.swift */ = {isa = PBXFileReference; lastKnownFileType = sourcecode.swift; path = ActivityReader.swift; sourceTree = "<group>"; };
		C20002 /* ActivityDeliveryService.swift */ = {isa = PBXFileReference; lastKnownFileType = sourcecode.swift; path = ActivityDeliveryService.swift; sourceTree = "<group>"; };
		D20001 /* WorkoutReader.swift */ = {isa = PBXFileReference; lastKnownFileType = sourcecode.swift; path = WorkoutReader.swift; sourceTree = "<group>"; };
		D20002 /* WorkoutDeliveryService.swift */ = {isa = PBXFileReference; lastKnownFileType = sourcecode.swift; path = WorkoutDeliveryService.swift; sourceTree = "<group>"; };
		E20020 /* ZaapTests.xctest */ = {isa = PBXFileReference; explicitFileType = wrapper.cfbundle; includeInIndex = 0; path = ZaapTests.xctest; sourceTree = BUILT_PRODUCTS_DIR; };
		F20001 /* TestDoubles.swift */ = {isa = PBXFileReference; lastKnownFileType = sourcecode.swift; path = TestDoubles.swift; sourceTree = "<group>"; };
		F20002 /* SettingsManagerTests.swift */ = {isa = PBXFileReference; lastKnownFileType = sourcecode.swift; path = SettingsManagerTests.swift; sourceTree = "<group>"; };
		F20003 /* WebhookClientTests.swift */ = {isa = PBXFileReference; lastKnownFileType = sourcecode.swift; path = WebhookClientTests.swift; sourceTree = "<group>"; };
		F20004 /* LocationManagerTests.swift */ = {isa = PBXFileReference; lastKnownFileType = sourcecode.swift; path = LocationManagerTests.swift; sourceTree = "<group>"; };
		F20005 /* LocationDeliveryServiceTests.swift */ = {isa = PBXFileReference; lastKnownFileType = sourcecode.swift; path = LocationDeliveryServiceTests.swift; sourceTree = "<group>"; };
		F20006 /* SleepDataReaderTests.swift */ = {isa = PBXFileReference; lastKnownFileType = sourcecode.swift; path = SleepDataReaderTests.swift; sourceTree = "<group>"; };
		F20007 /* SleepDeliveryServiceTests.swift */ = {isa = PBXFileReference; lastKnownFileType = sourcecode.swift; path = SleepDeliveryServiceTests.swift; sourceTree = "<group>"; };
		F20008 /* HeartRateReaderTests.swift */ = {isa = PBXFileReference; lastKnownFileType = sourcecode.swift; path = HeartRateReaderTests.swift; sourceTree = "<group>"; };
		F20009 /* HeartRateDeliveryServiceTests.swift */ = {isa = PBXFileReference; lastKnownFileType = sourcecode.swift; path = HeartRateDeliveryServiceTests.swift; sourceTree = "<group>"; };
		F20010 /* ActivityReaderTests.swift */ = {isa = PBXFileReference; lastKnownFileType = sourcecode.swift; path = ActivityReaderTests.swift; sourceTree = "<group>"; };
		F20011 /* ActivityDeliveryServiceTests.swift */ = {isa = PBXFileReference; lastKnownFileType = sourcecode.swift; path = ActivityDeliveryServiceTests.swift; sourceTree = "<group>"; };
		F20012 /* WorkoutReaderTests.swift */ = {isa = PBXFileReference; lastKnownFileType = sourcecode.swift; path = WorkoutReaderTests.swift; sourceTree = "<group>"; };
		F20014 /* ProtocolsTests.swift */ = {isa = PBXFileReference; lastKnownFileType = sourcecode.swift; path = ProtocolsTests.swift; sourceTree = "<group>"; };
		F20013 /* WorkoutDeliveryServiceTests.swift */ = {isa = PBXFileReference; lastKnownFileType = sourcecode.swift; path = WorkoutDeliveryServiceTests.swift; sourceTree = "<group>"; };
		G20001 /* DeliveryRecord.swift */ = {isa = PBXFileReference; lastKnownFileType = sourcecode.swift; path = DeliveryRecord.swift; sourceTree = "<group>"; };
		G20002 /* DeliveryLogService.swift */ = {isa = PBXFileReference; lastKnownFileType = sourcecode.swift; path = DeliveryLogService.swift; sourceTree = "<group>"; };
		G20003 /* DeliveryLogServiceTests.swift */ = {isa = PBXFileReference; lastKnownFileType = sourcecode.swift; path = DeliveryLogServiceTests.swift; sourceTree = "<group>"; };
		I20001 /* DashboardViewModel.swift */ = {isa = PBXFileReference; lastKnownFileType = sourcecode.swift; path = DashboardViewModel.swift; sourceTree = "<group>"; };
		I20002 /* DashboardView.swift */ = {isa = PBXFileReference; lastKnownFileType = sourcecode.swift; path = DashboardView.swift; sourceTree = "<group>"; };
		I20003 /* DashboardViewModelTests.swift */ = {isa = PBXFileReference; lastKnownFileType = sourcecode.swift; path = DashboardViewModelTests.swift; sourceTree = "<group>"; };
		J20001 /* MainTabView.swift */ = {isa = PBXFileReference; lastKnownFileType = sourcecode.swift; path = MainTabView.swift; sourceTree = "<group>"; };
		J20002 /* MainTabViewTests.swift */ = {isa = PBXFileReference; lastKnownFileType = sourcecode.swift; path = MainTabViewTests.swift; sourceTree = "<group>"; };
		J20003 /* SettingsViewTests.swift */ = {isa = PBXFileReference; lastKnownFileType = sourcecode.swift; path = SettingsViewTests.swift; sourceTree = "<group>"; };
		K20001 /* WebhookTestService.swift */ = {isa = PBXFileReference; lastKnownFileType = sourcecode.swift; path = WebhookTestService.swift; sourceTree = "<group>"; };
		K20002 /* WebhookTestServiceTests.swift */ = {isa = PBXFileReference; lastKnownFileType = sourcecode.swift; path = WebhookTestServiceTests.swift; sourceTree = "<group>"; };
		L20001 /* RequestLog.swift */ = {isa = PBXFileReference; lastKnownFileType = sourcecode.swift; path = RequestLog.swift; sourceTree = "<group>"; };
		L20002 /* RequestLogTests.swift */ = {isa = PBXFileReference; lastKnownFileType = sourcecode.swift; path = RequestLogTests.swift; sourceTree = "<group>"; };
		L20003 /* RequestLogView.swift */ = {isa = PBXFileReference; lastKnownFileType = sourcecode.swift; path = RequestLogView.swift; sourceTree = "<group>"; };
		M20001 /* NodePairingManager.swift */ = {isa = PBXFileReference; lastKnownFileType = sourcecode.swift; path = NodePairingManager.swift; sourceTree = "<group>"; };
		M20002 /* NodePairingManagerTests.swift */ = {isa = PBXFileReference; lastKnownFileType = sourcecode.swift; path = NodePairingManagerTests.swift; sourceTree = "<group>"; };
		N20001 /* ResponseSpeaker.swift */ = {isa = PBXFileReference; lastKnownFileType = sourcecode.swift; path = ResponseSpeaker.swift; sourceTree = "<group>"; };
		N20002 /* ResponseSpeakerTests.swift */ = {isa = PBXFileReference; lastKnownFileType = sourcecode.swift; path = ResponseSpeakerTests.swift; sourceTree = "<group>"; };
		O20001 /* VoiceEngine.swift */ = {isa = PBXFileReference; lastKnownFileType = sourcecode.swift; path = VoiceEngine.swift; sourceTree = "<group>"; };
		O20002 /* VoiceEngineTests.swift */ = {isa = PBXFileReference; lastKnownFileType = sourcecode.swift; path = VoiceEngineTests.swift; sourceTree = "<group>"; };
		O20003 /* VoiceEngineAdapters.swift */ = {isa = PBXFileReference; lastKnownFileType = sourcecode.swift; path = VoiceEngineAdapters.swift; sourceTree = "<group>"; };
		P20001 /* GatewayConnection.swift */ = {isa = PBXFileReference; lastKnownFileType = sourcecode.swift; path = GatewayConnection.swift; sourceTree = "<group>"; };
		P20002 /* GatewayConnectionTests.swift */ = {isa = PBXFileReference; lastKnownFileType = sourcecode.swift; path = GatewayConnectionTests.swift; sourceTree = "<group>"; };
		Q20001 /* GatewayBrowser.swift */ = {isa = PBXFileReference; lastKnownFileType = sourcecode.swift; path = GatewayBrowser.swift; sourceTree = "<group>"; };
		Q20002 /* GatewayBrowserTests.swift */ = {isa = PBXFileReference; lastKnownFileType = sourcecode.swift; path = GatewayBrowserTests.swift; sourceTree = "<group>"; };
		R20001 /* VoiceChatViewModel.swift */ = {isa = PBXFileReference; lastKnownFileType = sourcecode.swift; path = VoiceChatViewModel.swift; sourceTree = "<group>"; };
		R20002 /* VoiceChatView.swift */ = {isa = PBXFileReference; lastKnownFileType = sourcecode.swift; path = VoiceChatView.swift; sourceTree = "<group>"; };
		R20003 /* VoiceChatViewModelTests.swift */ = {isa = PBXFileReference; lastKnownFileType = sourcecode.swift; path = VoiceChatViewModelTests.swift; sourceTree = "<group>"; };
		S20001 /* HealthKitObserverService.swift */ = {isa = PBXFileReference; lastKnownFileType = sourcecode.swift; path = HealthKitObserverService.swift; sourceTree = "<group>"; };
		S20002 /* ObserverDeliveryAdapter.swift */ = {isa = PBXFileReference; lastKnownFileType = sourcecode.swift; path = ObserverDeliveryAdapter.swift; sourceTree = "<group>"; };
		S20004 /* HealthDataSeeder.swift */ = {isa = PBXFileReference; lastKnownFileType = sourcecode.swift; path = HealthDataSeeder.swift; sourceTree = "<group>"; };
		S20003 /* HealthKitObserverServiceTests.swift */ = {isa = PBXFileReference; lastKnownFileType = sourcecode.swift; path = HealthKitObserverServiceTests.swift; sourceTree = "<group>"; };
		T20001 /* VoiceChatCoordinator.swift */ = {isa = PBXFileReference; lastKnownFileType = sourcecode.swift; path = VoiceChatCoordinator.swift; sourceTree = "<group>"; };
		T20002 /* VoiceChatCoordinatorTests.swift */ = {isa = PBXFileReference; lastKnownFileType = sourcecode.swift; path = VoiceChatCoordinatorTests.swift; sourceTree = "<group>"; };
		U20001 /* PairingViewModel.swift */ = {isa = PBXFileReference; lastKnownFileType = sourcecode.swift; path = PairingViewModel.swift; sourceTree = "<group>"; };
		U20002 /* PairingViewModelTests.swift */ = {isa = PBXFileReference; lastKnownFileType = sourcecode.swift; path = PairingViewModelTests.swift; sourceTree = "<group>"; };
		U20003 /* PairingSectionView.swift */ = {isa = PBXFileReference; lastKnownFileType = sourcecode.swift; path = PairingSectionView.swift; sourceTree = "<group>"; };
		U20004 /* PairingView.swift */ = {isa = PBXFileReference; lastKnownFileType = sourcecode.swift; path = PairingView.swift; sourceTree = "<group>"; };
/* End PBXFileReference section */

/* Begin PBXFrameworksBuildPhase section */
		A30001 /* Frameworks */ = {
			isa = PBXFrameworksBuildPhase;
			buildActionMask = 2147483647;
			files = (
			);
			runOnlyForDeploymentPostprocessing = 0;
		};
		E30001 /* Frameworks */ = {
			isa = PBXFrameworksBuildPhase;
			buildActionMask = 2147483647;
			files = (
			);
			runOnlyForDeploymentPostprocessing = 0;
		};
/* End PBXFrameworksBuildPhase section */

/* Begin PBXGroup section */
		A40001 = {
			isa = PBXGroup;
			children = (
				A40002 /* Zaap */,
				E40001 /* ZaapTests */,
				A40004 /* Products */,
			);
			sourceTree = "<group>";
		};
		A40002 /* Zaap */ = {
			isa = PBXGroup;
			children = (
				A20001 /* ZaapApp.swift */,
				A20002 /* ContentView.swift */,
				A20007 /* LocationManager.swift */,
				A20008 /* SleepDataReader.swift */,
				A20010 /* SettingsManager.swift */,
				A20011 /* SettingsView.swift */,
				A20012 /* WebhookClient.swift */,
				A20013 /* LocationDeliveryService.swift */,
				B20001 /* HeartRateReader.swift */,
				B20002 /* HeartRateDeliveryService.swift */,
				A20014 /* SleepDeliveryService.swift */,
				D20001 /* WorkoutReader.swift */,
				D20002 /* WorkoutDeliveryService.swift */,
				C20001 /* ActivityReader.swift */,
				C20002 /* ActivityDeliveryService.swift */,
				A20020 /* Protocols.swift */,
				G20001 /* DeliveryRecord.swift */,
				G20002 /* DeliveryLogService.swift */,
				I20001 /* DashboardViewModel.swift */,
				I20002 /* DashboardView.swift */,
				J20001 /* MainTabView.swift */,
				K20001 /* WebhookTestService.swift */,
				L20001 /* RequestLog.swift */,
				L20003 /* RequestLogView.swift */,
				M20001 /* NodePairingManager.swift */,
				N20001 /* ResponseSpeaker.swift */,
				O20001 /* VoiceEngine.swift */,
				O20003 /* VoiceEngineAdapters.swift */,
				P20001 /* GatewayConnection.swift */,
				Q20001 /* GatewayBrowser.swift */,
				R20001 /* VoiceChatViewModel.swift */,
				R20002 /* VoiceChatView.swift */,
				S20001 /* HealthKitObserverService.swift */,
				S20002 /* ObserverDeliveryAdapter.swift */,
				S20004 /* HealthDataSeeder.swift */,
				T20001 /* VoiceChatCoordinator.swift */,
				U20001 /* PairingViewModel.swift */,
				U20003 /* PairingSectionView.swift */,
				U20004 /* PairingView.swift */,
				A20003 /* Assets.xcassets */,
				A20009 /* Zaap.entitlements */,
				A20005 /* Info.plist */,
				A40003 /* Preview Content */,
			
				3624365445114D269D36F93A /* SessionPickerViewModel.swift */,);
			path = Zaap;
			sourceTree = "<group>";
		};
		A40003 /* Preview Content */ = {
			isa = PBXGroup;
			children = (
				A20004 /* Preview Assets.xcassets */,
			);
			path = "Preview Content";
			sourceTree = "<group>";
		};
		A40004 /* Products */ = {
			isa = PBXGroup;
			children = (
				A20006 /* Zaap.app */,
				E20020 /* ZaapTests.xctest */,
			);
			name = Products;
			sourceTree = "<group>";
		};
		E40001 /* ZaapTests */ = {
			isa = PBXGroup;
			children = (
				F20001 /* TestDoubles.swift */,
				F20002 /* SettingsManagerTests.swift */,
				F20003 /* WebhookClientTests.swift */,
				F20004 /* LocationManagerTests.swift */,
				F20005 /* LocationDeliveryServiceTests.swift */,
				F20006 /* SleepDataReaderTests.swift */,
				F20007 /* SleepDeliveryServiceTests.swift */,
				F20008 /* HeartRateReaderTests.swift */,
				F20009 /* HeartRateDeliveryServiceTests.swift */,
				F20010 /* ActivityReaderTests.swift */,
				F20011 /* ActivityDeliveryServiceTests.swift */,
				F20012 /* WorkoutReaderTests.swift */,
				F20014 /* ProtocolsTests.swift */,
				F20013 /* WorkoutDeliveryServiceTests.swift */,
				G20003 /* DeliveryLogServiceTests.swift */,
				I20003 /* DashboardViewModelTests.swift */,
				J20002 /* MainTabViewTests.swift */,
				J20003 /* SettingsViewTests.swift */,
				K20002 /* WebhookTestServiceTests.swift */,
				L20002 /* RequestLogTests.swift */,
				M20002 /* NodePairingManagerTests.swift */,
				N20002 /* ResponseSpeakerTests.swift */,
				O20002 /* VoiceEngineTests.swift */,
				P20002 /* GatewayConnectionTests.swift */,
				Q20002 /* GatewayBrowserTests.swift */,
				R20003 /* VoiceChatViewModelTests.swift */,
				S20003 /* HealthKitObserverServiceTests.swift */,
				T20002 /* VoiceChatCoordinatorTests.swift */,
				U20002 /* PairingViewModelTests.swift */,
			);
			path = ZaapTests;
			sourceTree = "<group>";
		};
/* End PBXGroup section */

/* Begin PBXNativeTarget section */
		A50001 /* Zaap */ = {
			isa = PBXNativeTarget;
			buildConfigurationList = A70002 /* Build configuration list for PBXNativeTarget "Zaap" */;
			buildPhases = (
				A60001 /* Sources */,
				A30001 /* Frameworks */,
				A60002 /* Resources */,
			);
			buildRules = (
			);
			dependencies = (
			);
			name = Zaap;
			productName = Zaap;
			productReference = A20006 /* Zaap.app */;
			productType = "com.apple.product-type.application";
		};
		E50001 /* ZaapTests */ = {
			isa = PBXNativeTarget;
			buildConfigurationList = E70001 /* Build configuration list for PBXNativeTarget "ZaapTests" */;
			buildPhases = (
				E60001 /* Sources */,
				E30001 /* Frameworks */,
			);
			buildRules = (
			);
			dependencies = (
				E10002 /* PBXTargetDependency */,
			);
			name = ZaapTests;
			productName = ZaapTests;
			productReference = E20020 /* ZaapTests.xctest */;
			productType = "com.apple.product-type.bundle.unit-test";
		};
/* End PBXNativeTarget section */

/* Begin PBXProject section */
		A80001 /* Project object */ = {
			isa = PBXProject;
			attributes = {
				BuildIndependentTargetsInParallel = 1;
				LastSwiftUpdateCheck = 1520;
				LastUpgradeCheck = 1520;
				TargetAttributes = {
					A50001 = {
						CreatedOnToolsVersion = 15.2;
					};
					E50001 = {
						CreatedOnToolsVersion = 15.2;
						TestTargetID = A50001;
					};
				};
			};
			buildConfigurationList = A70001 /* Build configuration list for PBXProject "Zaap" */;
			compatibilityVersion = "Xcode 14.0";
			developmentRegion = en;
			hasScannedForEncodings = 0;
			knownRegions = (
				en,
				Base,
			);
			mainGroup = A40001;
			productRefGroup = A40004 /* Products */;
			projectDirPath = "";
			projectRoot = "";
			targets = (
				A50001 /* Zaap */,
				E50001 /* ZaapTests */,
			);
		};
/* End PBXProject section */

/* Begin PBXResourcesBuildPhase section */
		A60002 /* Resources */ = {
			isa = PBXResourcesBuildPhase;
			buildActionMask = 2147483647;
			files = (
				A10004 /* Preview Assets.xcassets in Resources */,
				A10003 /* Assets.xcassets in Resources */,
			);
			runOnlyForDeploymentPostprocessing = 0;
		};
/* End PBXResourcesBuildPhase section */

/* Begin PBXSourcesBuildPhase section */
		A60001 /* Sources */ = {
			isa = PBXSourcesBuildPhase;
			buildActionMask = 2147483647;
			files = (
				A10002 /* ContentView.swift in Sources */,
				A10005 /* LocationManager.swift in Sources */,
				A10006 /* SleepDataReader.swift in Sources */,
				A10001 /* ZaapApp.swift in Sources */,
				A10007 /* SettingsManager.swift in Sources */,
				A10008 /* SettingsView.swift in Sources */,
				A10009 /* WebhookClient.swift in Sources */,
				A10010 /* LocationDeliveryService.swift in Sources */,
				A10011 /* SleepDeliveryService.swift in Sources */,
				D10001 /* WorkoutReader.swift in Sources */,
				D10002 /* WorkoutDeliveryService.swift in Sources */,
				C10001 /* ActivityReader.swift in Sources */,
				C10002 /* ActivityDeliveryService.swift in Sources */,
				B10001 /* HeartRateReader.swift in Sources */,
				B10002 /* HeartRateDeliveryService.swift in Sources */,
				A10017 /* Protocols.swift in Sources */,
				G10001 /* DeliveryRecord.swift in Sources */,
				G10002 /* DeliveryLogService.swift in Sources */,
				I10001 /* DashboardViewModel.swift in Sources */,
				I10002 /* DashboardView.swift in Sources */,
				J10001 /* MainTabView.swift in Sources */,
				K10001 /* WebhookTestService.swift in Sources */,
				L10001 /* RequestLog.swift in Sources */,
				L10003 /* RequestLogView.swift in Sources */,
				M10001 /* NodePairingManager.swift in Sources */,
				N10001 /* ResponseSpeaker.swift in Sources */,
				O10001 /* VoiceEngine.swift in Sources */,
				O10003 /* VoiceEngineAdapters.swift in Sources */,
				P10001 /* GatewayConnection.swift in Sources */,
				Q10001 /* GatewayBrowser.swift in Sources */,
				R10001 /* VoiceChatViewModel.swift in Sources */,
				R10002 /* VoiceChatView.swift in Sources */,
				S10001 /* HealthKitObserverService.swift in Sources */,
				S10002 /* ObserverDeliveryAdapter.swift in Sources */,
				S10004 /* HealthDataSeeder.swift in Sources */,
				T10001 /* VoiceChatCoordinator.swift in Sources */,
				U10001 /* PairingViewModel.swift in Sources */,
				U10003 /* PairingSectionView.swift in Sources */,
				U10004 /* PairingView.swift in Sources */,
			
				E6606BBF48384523A4EAF3E7 /* SessionPickerViewModel.swift in Sources */,);
			runOnlyForDeploymentPostprocessing = 0;
		};
		E60001 /* Sources */ = {
			isa = PBXSourcesBuildPhase;
			buildActionMask = 2147483647;
			files = (
				F10001 /* TestDoubles.swift in Sources */,
				F10002 /* SettingsManagerTests.swift in Sources */,
				F10003 /* WebhookClientTests.swift in Sources */,
				F10004 /* LocationManagerTests.swift in Sources */,
				F10005 /* LocationDeliveryServiceTests.swift in Sources */,
				F10006 /* SleepDataReaderTests.swift in Sources */,
				F10007 /* SleepDeliveryServiceTests.swift in Sources */,
				F10008 /* HeartRateReaderTests.swift in Sources */,
				F10009 /* HeartRateDeliveryServiceTests.swift in Sources */,
				F10010 /* ActivityReaderTests.swift in Sources */,
				F10011 /* ActivityDeliveryServiceTests.swift in Sources */,
				F10012 /* WorkoutReaderTests.swift in Sources */,
				F10014 /* ProtocolsTests.swift in Sources */,
				F10013 /* WorkoutDeliveryServiceTests.swift in Sources */,
				G10003 /* DeliveryLogServiceTests.swift in Sources */,
				I10003 /* DashboardViewModelTests.swift in Sources */,
				J10002 /* MainTabViewTests.swift in Sources */,
				J10003 /* SettingsViewTests.swift in Sources */,
				K10002 /* WebhookTestServiceTests.swift in Sources */,
				L10002 /* RequestLogTests.swift in Sources */,
				M10002 /* NodePairingManagerTests.swift in Sources */,
				N10002 /* ResponseSpeakerTests.swift in Sources */,
				O10002 /* VoiceEngineTests.swift in Sources */,
				P10002 /* GatewayConnectionTests.swift in Sources */,
				Q10002 /* GatewayBrowserTests.swift in Sources */,
				R10003 /* VoiceChatViewModelTests.swift in Sources */,
				S10003 /* HealthKitObserverServiceTests.swift in Sources */,
				T10002 /* VoiceChatCoordinatorTests.swift in Sources */,
				U10002 /* PairingViewModelTests.swift in Sources */,
			);
			runOnlyForDeploymentPostprocessing = 0;
		};
/* End PBXSourcesBuildPhase section */

/* Begin PBXTargetDependency section */
		E10002 /* PBXTargetDependency */ = {
			isa = PBXTargetDependency;
			target = A50001 /* Zaap */;
			targetProxy = E10001 /* PBXContainerItemProxy */;
		};
/* End PBXTargetDependency section */

/* Begin XCBuildConfiguration section */
		A90001 /* Debug */ = {
			isa = XCBuildConfiguration;
			buildSettings = {
				ALWAYS_SEARCH_USER_PATHS = NO;
				ASSETCATALOG_COMPILER_GENERATE_SWIFT_ASSET_SYMBOL_EXTENSIONS = YES;
				CLANG_ANALYZER_NONNULL = YES;
				CLANG_ANALYZER_NUMBER_OBJECT_CONVERSION = YES_AGGRESSIVE;
				CLANG_CXX_LANGUAGE_STANDARD = "gnu++20";
				CLANG_ENABLE_MODULES = YES;
				CLANG_ENABLE_OBJC_ARC = YES;
				CLANG_ENABLE_OBJC_WEAK = YES;
				CLANG_WARN_BLOCK_CAPTURE_AUTORELEASING = YES;
				CLANG_WARN_BOOL_CONVERSION = YES;
				CLANG_WARN_COMMA = YES;
				CLANG_WARN_CONSTANT_CONVERSION = YES;
				CLANG_WARN_DEPRECATED_OBJC_IMPLEMENTATIONS = YES;
				CLANG_WARN_DIRECT_OBJC_ISA_USAGE = YES_ERROR;
				CLANG_WARN_DOCUMENTATION_COMMENTS = YES;
				CLANG_WARN_EMPTY_BODY = YES;
				CLANG_WARN_ENUM_CONVERSION = YES;
				CLANG_WARN_INFINITE_RECURSION = YES;
				CLANG_WARN_INT_CONVERSION = YES;
				CLANG_WARN_NON_LITERAL_NULL_CONVERSION = YES;
				CLANG_WARN_OBJC_IMPLICIT_RETAIN_SELF = YES;
				CLANG_WARN_OBJC_LITERAL_CONVERSION = YES;
				CLANG_WARN_OBJC_ROOT_CLASS = YES_ERROR;
				CLANG_WARN_QUOTED_INCLUDE_IN_FRAMEWORK_HEADER = YES;
				CLANG_WARN_RANGE_LOOP_ANALYSIS = YES;
				CLANG_WARN_STRICT_PROTOTYPES = YES;
				CLANG_WARN_SUSPICIOUS_MOVE = YES;
				CLANG_WARN_UNGUARDED_AVAILABILITY = YES_AGGRESSIVE;
				CLANG_WARN_UNREACHABLE_CODE = YES;
				CLANG_WARN__DUPLICATE_METHOD_MATCH = YES;
				COPY_PHASE_STRIP = NO;
				DEBUG_INFORMATION_FORMAT = dwarf;
				ENABLE_STRICT_OBJC_MSGSEND = YES;
				ENABLE_TESTABILITY = YES;
				ENABLE_USER_SCRIPT_SANDBOXING = YES;
				GCC_C_LANGUAGE_STANDARD = gnu17;
				GCC_DYNAMIC_NO_PIC = NO;
				GCC_NO_COMMON_BLOCKS = YES;
				GCC_OPTIMIZATION_LEVEL = 0;
				GCC_PREPROCESSOR_DEFINITIONS = (
					"DEBUG=1",
					"$(inherited)",
				);
				GCC_WARN_64_TO_32_BIT_CONVERSION = YES;
				GCC_WARN_ABOUT_RETURN_TYPE = YES_ERROR;
				GCC_WARN_UNDECLARED_SELECTOR = YES;
				GCC_WARN_UNINITIALIZED_AUTOS = YES_AGGRESSIVE;
				GCC_WARN_UNUSED_FUNCTION = YES;
				GCC_WARN_UNUSED_VARIABLE = YES;
				IPHONEOS_DEPLOYMENT_TARGET = 17.0;
				MTL_ENABLE_DEBUG_INFO = INCLUDE_SOURCE;
				MTL_FAST_MATH = YES;
				ONLY_ACTIVE_ARCH = YES;
				SDKROOT = iphoneos;
				SWIFT_ACTIVE_COMPILATION_CONDITIONS = "DEBUG $(inherited)";
				SWIFT_OPTIMIZATION_LEVEL = "-Onone";
			};
			name = Debug;
		};
		A90002 /* Release */ = {
			isa = XCBuildConfiguration;
			buildSettings = {
				ALWAYS_SEARCH_USER_PATHS = NO;
				ASSETCATALOG_COMPILER_GENERATE_SWIFT_ASSET_SYMBOL_EXTENSIONS = YES;
				CLANG_ANALYZER_NONNULL = YES;
				CLANG_ANALYZER_NUMBER_OBJECT_CONVERSION = YES_AGGRESSIVE;
				CLANG_CXX_LANGUAGE_STANDARD = "gnu++20";
				CLANG_ENABLE_MODULES = YES;
				CLANG_ENABLE_OBJC_ARC = YES;
				CLANG_ENABLE_OBJC_WEAK = YES;
				CLANG_WARN_BLOCK_CAPTURE_AUTORELEASING = YES;
				CLANG_WARN_BOOL_CONVERSION = YES;
				CLANG_WARN_COMMA = YES;
				CLANG_WARN_CONSTANT_CONVERSION = YES;
				CLANG_WARN_DEPRECATED_OBJC_IMPLEMENTATIONS = YES;
				CLANG_WARN_DIRECT_OBJC_ISA_USAGE = YES_ERROR;
				CLANG_WARN_DOCUMENTATION_COMMENTS = YES;
				CLANG_WARN_EMPTY_BODY = YES;
				CLANG_WARN_ENUM_CONVERSION = YES;
				CLANG_WARN_INFINITE_RECURSION = YES;
				CLANG_WARN_INT_CONVERSION = YES;
				CLANG_WARN_NON_LITERAL_NULL_CONVERSION = YES;
				CLANG_WARN_OBJC_IMPLICIT_RETAIN_SELF = YES;
				CLANG_WARN_OBJC_LITERAL_CONVERSION = YES;
				CLANG_WARN_OBJC_ROOT_CLASS = YES_ERROR;
				CLANG_WARN_QUOTED_INCLUDE_IN_FRAMEWORK_HEADER = YES;
				CLANG_WARN_RANGE_LOOP_ANALYSIS = YES;
				CLANG_WARN_STRICT_PROTOTYPES = YES;
				CLANG_WARN_SUSPICIOUS_MOVE = YES;
				CLANG_WARN_UNGUARDED_AVAILABILITY = YES_AGGRESSIVE;
				CLANG_WARN_UNREACHABLE_CODE = YES;
				CLANG_WARN__DUPLICATE_METHOD_MATCH = YES;
				COPY_PHASE_STRIP = NO;
				DEBUG_INFORMATION_FORMAT = "dwarf-with-dsym";
				ENABLE_NS_ASSERTIONS = NO;
				ENABLE_STRICT_OBJC_MSGSEND = YES;
				ENABLE_USER_SCRIPT_SANDBOXING = YES;
				GCC_C_LANGUAGE_STANDARD = gnu17;
				GCC_NO_COMMON_BLOCKS = YES;
				GCC_WARN_64_TO_32_BIT_CONVERSION = YES;
				GCC_WARN_ABOUT_RETURN_TYPE = YES_ERROR;
				GCC_WARN_UNDECLARED_SELECTOR = YES;
				GCC_WARN_UNINITIALIZED_AUTOS = YES_AGGRESSIVE;
				GCC_WARN_UNUSED_FUNCTION = YES;
				GCC_WARN_UNUSED_VARIABLE = YES;
				IPHONEOS_DEPLOYMENT_TARGET = 17.0;
				MTL_ENABLE_DEBUG_INFO = NO;
				MTL_FAST_MATH = YES;
				SDKROOT = iphoneos;
				SWIFT_COMPILATION_MODE = wholemodule;
				VALIDATE_PRODUCT = YES;
			};
			name = Release;
		};
		A90003 /* Debug */ = {
			isa = XCBuildConfiguration;
			buildSettings = {
				ASSETCATALOG_COMPILER_APPICON_NAME = AppIcon;
				ASSETCATALOG_COMPILER_GLOBAL_ACCENT_COLOR_NAME = AccentColor;
				CODE_SIGN_ENTITLEMENTS = Zaap/Zaap.entitlements;
				CODE_SIGN_STYLE = Automatic;
				CURRENT_PROJECT_VERSION = 22;
				DEVELOPMENT_ASSET_PATHS = "\"Zaap/Preview Content\"";
				DEVELOPMENT_TEAM = PJTG44YLX5;
				ENABLE_PREVIEWS = YES;
				GENERATE_INFOPLIST_FILE = YES;
				INFOPLIST_FILE = Zaap/Info.plist;
				INFOPLIST_KEY_CFBundleDisplayName = Zaap;
				INFOPLIST_KEY_NSHealthShareUsageDescription = "Zaap reads your sleep data to send a daily summary to your configured webhook endpoint.";
				INFOPLIST_KEY_NSLocationAlwaysAndWhenInUseUsageDescription = "Zaap uses background location monitoring to send significant location changes to your configured webhook endpoint.";
				INFOPLIST_KEY_NSLocationWhenInUseUsageDescription = "Zaap uses your location to relay position updates to your configured webhook endpoint.";
				INFOPLIST_KEY_UIApplicationSceneManifest_Generation = YES;
				INFOPLIST_KEY_UIApplicationSupportsIndirectInputEvents = YES;
				INFOPLIST_KEY_UILaunchScreen_Generation = YES;
				INFOPLIST_KEY_UISupportedInterfaceOrientations_iPad = "UIInterfaceOrientationPortrait UIInterfaceOrientationPortraitUpsideDown UIInterfaceOrientationLandscapeLeft UIInterfaceOrientationLandscapeRight";
				INFOPLIST_KEY_UISupportedInterfaceOrientations_iPhone = "UIInterfaceOrientationPortrait UIInterfaceOrientationLandscapeLeft UIInterfaceOrientationLandscapeRight";
				LD_RUNPATH_SEARCH_PATHS = (
					"$(inherited)",
					"@executable_path/Frameworks",
				);
				MARKETING_VERSION = 1.0;
				PRODUCT_BUNDLE_IDENTIFIER = co.airworthy.zaap;
				PRODUCT_NAME = "$(TARGET_NAME)";
				SWIFT_EMIT_LOC_STRINGS = YES;
				SWIFT_VERSION = 5.0;
				TARGETED_DEVICE_FAMILY = "1,2";
			};
			name = Debug;
		};
		A90004 /* Release */ = {
			isa = XCBuildConfiguration;
			buildSettings = {
				ASSETCATALOG_COMPILER_APPICON_NAME = AppIcon;
				ASSETCATALOG_COMPILER_GLOBAL_ACCENT_COLOR_NAME = AccentColor;
				CODE_SIGN_ENTITLEMENTS = Zaap/Zaap.entitlements;
				CODE_SIGN_STYLE = Automatic;
				CURRENT_PROJECT_VERSION = 22;
				DEVELOPMENT_ASSET_PATHS = "\"Zaap/Preview Content\"";
				DEVELOPMENT_TEAM = PJTG44YLX5;
				ENABLE_PREVIEWS = YES;
				GENERATE_INFOPLIST_FILE = YES;
				INFOPLIST_FILE = Zaap/Info.plist;
				INFOPLIST_KEY_CFBundleDisplayName = Zaap;
				INFOPLIST_KEY_NSHealthShareUsageDescription = "Zaap reads your sleep data to send a daily summary to your configured webhook endpoint.";
				INFOPLIST_KEY_NSLocationAlwaysAndWhenInUseUsageDescription = "Zaap uses background location monitoring to send significant location changes to your configured webhook endpoint.";
				INFOPLIST_KEY_NSLocationWhenInUseUsageDescription = "Zaap uses your location to relay position updates to your configured webhook endpoint.";
				INFOPLIST_KEY_UIApplicationSceneManifest_Generation = YES;
				INFOPLIST_KEY_UIApplicationSupportsIndirectInputEvents = YES;
				INFOPLIST_KEY_UILaunchScreen_Generation = YES;
				INFOPLIST_KEY_UISupportedInterfaceOrientations_iPad = "UIInterfaceOrientationPortrait UIInterfaceOrientationPortraitUpsideDown UIInterfaceOrientationLandscapeLeft UIInterfaceOrientationLandscapeRight";
				INFOPLIST_KEY_UISupportedInterfaceOrientations_iPhone = "UIInterfaceOrientationPortrait UIInterfaceOrientationLandscapeLeft UIInterfaceOrientationLandscapeRight";
				LD_RUNPATH_SEARCH_PATHS = (
					"$(inherited)",
					"@executable_path/Frameworks",
				);
				MARKETING_VERSION = 1.0;
				PRODUCT_BUNDLE_IDENTIFIER = co.airworthy.zaap;
				PRODUCT_NAME = "$(TARGET_NAME)";
				SWIFT_EMIT_LOC_STRINGS = YES;
				SWIFT_VERSION = 5.0;
				TARGETED_DEVICE_FAMILY = "1,2";
			};
			name = Release;
		};
		E90001 /* Debug */ = {
			isa = XCBuildConfiguration;
			buildSettings = {
				BUNDLE_LOADER = "$(TEST_HOST)";
				CODE_SIGN_STYLE = Automatic;
				CURRENT_PROJECT_VERSION = 22;
				GENERATE_INFOPLIST_FILE = YES;
				IPHONEOS_DEPLOYMENT_TARGET = 17.0;
				MARKETING_VERSION = 1.0;
				PRODUCT_BUNDLE_IDENTIFIER = com.openclaw.zaap.tests;
				PRODUCT_NAME = "$(TARGET_NAME)";
				SWIFT_EMIT_LOC_STRINGS = NO;
				SWIFT_VERSION = 5.0;
				TARGETED_DEVICE_FAMILY = "1,2";
				TEST_HOST = "$(BUILT_PRODUCTS_DIR)/Zaap.app/$(BUNDLE_EXECUTABLE_FOLDER_PATH)/Zaap";
			};
			name = Debug;
		};
		E90002 /* Release */ = {
			isa = XCBuildConfiguration;
			buildSettings = {
				BUNDLE_LOADER = "$(TEST_HOST)";
				CODE_SIGN_STYLE = Automatic;
				CURRENT_PROJECT_VERSION = 22;
				GENERATE_INFOPLIST_FILE = YES;
				IPHONEOS_DEPLOYMENT_TARGET = 17.0;
				MARKETING_VERSION = 1.0;
				PRODUCT_BUNDLE_IDENTIFIER = com.openclaw.zaap.tests;
				PRODUCT_NAME = "$(TARGET_NAME)";
				SWIFT_EMIT_LOC_STRINGS = NO;
				SWIFT_VERSION = 5.0;
				TARGETED_DEVICE_FAMILY = "1,2";
				TEST_HOST = "$(BUILT_PRODUCTS_DIR)/Zaap.app/$(BUNDLE_EXECUTABLE_FOLDER_PATH)/Zaap";
			};
			name = Release;
		};
/* End XCBuildConfiguration section */

/* Begin XCConfigurationList section */
		A70001 /* Build configuration list for PBXProject "Zaap" */ = {
			isa = XCConfigurationList;
			buildConfigurations = (
				A90001 /* Debug */,
				A90002 /* Release */,
			);
			defaultConfigurationIsVisible = 0;
			defaultConfigurationName = Release;
		};
		A70002 /* Build configuration list for PBXNativeTarget "Zaap" */ = {
			isa = XCConfigurationList;
			buildConfigurations = (
				A90003 /* Debug */,
				A90004 /* Release */,
			);
			defaultConfigurationIsVisible = 0;
			defaultConfigurationName = Release;
		};
		E70001 /* Build configuration list for PBXNativeTarget "ZaapTests" */ = {
			isa = XCConfigurationList;
			buildConfigurations = (
				E90001 /* Debug */,
				E90002 /* Release */,
			);
			defaultConfigurationIsVisible = 0;
			defaultConfigurationName = Release;
		};
/* End XCConfigurationList section */
	};
	rootObject = A80001 /* Project object */;
}
